<Solution>
  <Project Path="ManagerActivitiesSportsSchools.API/ManagerActivitiesSportsSchools.API.csproj" />
  <Project Path="ManagerActivitiesSportsSchools.Domain/ManagerActivitiesSportsSchools.Domain.csproj" Id="37123495-2f14-4874-99cd-76515536c29b" />
  <Project Path="ManagerActivitiesSportsSchools.Infrastructure/ManagerActivitiesSportsSchools.Infrastructure.csproj" Id="64754419-561d-48ba-8c60-99340749e549" />
</Solution>
